
Microsoft Visual Studio Solution File, Format Version 12.00
# Visual Studio Version 17
VisualStudioVersion = 17.7.34024.191
MinimumVisualStudioVersion = 10.0.40219.1
Project("{FAE04EC0-301F-11D3-BF4B-00C04F79EFBC}") = "MvcCrud_Auth", "MvcCrud_Auth\MvcCrud_Auth.csproj", "{82BB927B-0CB9-411B-8A7F-438D6373DC2C}"
EndProject
Global
	GlobalSection(SolutionConfigurationPlatforms) = preSolution
		Debug|Any CPU = Debug|Any CPU
		Release|Any CPU = Release|Any CPU
	EndGlobalSection
	GlobalSection(ProjectConfigurationPlatforms) = postSolution
		{82BB927B-0CB9-411B-8A7F-438D6373DC2C}.Debug|Any CPU.ActiveCfg = Debug|Any CPU
		{82BB927B-0CB9-411B-8A7F-438D6373DC2C}.Debug|Any CPU.Build.0 = Debug|Any CPU
		{82BB927B-0CB9-411B-8A7F-438D6373DC2C}.Release|Any CPU.ActiveCfg = Release|Any CPU
		{82BB927B-0CB9-411B-8A7F-438D6373DC2C}.Release|Any CPU.Build.0 = Release|Any CPU
	EndGlobalSection
	GlobalSection(SolutionProperties) = preSolution
		HideSolutionNode = FALSE
	EndGlobalSection
	GlobalSection(ExtensibilityGlobals) = postSolution
		SolutionGuid = {C54E2486-6C5D-40BB-950E-845D61B75C7E}
	EndGlobalSection
EndGlobal
